
Microsoft Visual Studio Solution File, Format Version 12.00
# Visual Studio Version 17
VisualStudioVersion = 17.3.32929.385
MinimumVisualStudioVersion = 10.0.40219.1
Project("{FAE04EC0-301F-11D3-BF4B-00C04F79EFBC}") = "GoodCalculater", "GoodCalculater.csproj", "{D3FD0F27-8D9F-4DD9-95D7-082C4953C28C}"
EndProject
Global
	GlobalSection(SolutionConfigurationPlatforms) = preSolution
		Debug|Any CPU = Debug|Any CPU
		Release|Any CPU = Release|Any CPU
	EndGlobalSection
	GlobalSection(ProjectConfigurationPlatforms) = postSolution
		{D3FD0F27-8D9F-4DD9-95D7-082C4953C28C}.Debug|Any CPU.ActiveCfg = Debug|Any CPU
		{D3FD0F27-8D9F-4DD9-95D7-082C4953C28C}.Debug|Any CPU.Build.0 = Debug|Any CPU
		{D3FD0F27-8D9F-4DD9-95D7-082C4953C28C}.Release|Any CPU.ActiveCfg = Release|Any CPU
		{D3FD0F27-8D9F-4DD9-95D7-082C4953C28C}.Release|Any CPU.Build.0 = Release|Any CPU
	EndGlobalSection
	GlobalSection(SolutionProperties) = preSolution
		HideSolutionNode = FALSE
	EndGlobalSection
	GlobalSection(ExtensibilityGlobals) = postSolution
		SolutionGuid = {0A638C6F-BB28-4021-96F2-B378A9EFAAA6}
	EndGlobalSection
EndGlobal
